
Microsoft Visual Studio Solution File, Format Version 12.00
# Visual Studio Version 17
VisualStudioVersion = 17.5.33502.453
MinimumVisualStudioVersion = 10.0.40219.1
Project("{FAE04EC0-301F-11D3-BF4B-00C04F79EFBC}") = "CSharpIntermediate", "CSharpIntermediate\CSharpIntermediate.csproj", "{D646BF10-52A8-42B9-8374-D356A2530D00}"
EndProject
Project("{FAE04EC0-301F-11D3-BF4B-00C04F79EFBC}") = "CSharpIntermediate.UnitTests", "CSharpIntermediate.UnitTests\CSharpIntermediate.UnitTests.csproj", "{8557EFE2-25AB-416A-A80A-CA0FAADEA461}"
EndProject
Global
	GlobalSection(SolutionConfigurationPlatforms) = preSolution
		Debug|Any CPU = Debug|Any CPU
		Release|Any CPU = Release|Any CPU
	EndGlobalSection
	GlobalSection(ProjectConfigurationPlatforms) = postSolution
		{D646BF10-52A8-42B9-8374-D356A2530D00}.Debug|Any CPU.ActiveCfg = Debug|Any CPU
		{D646BF10-52A8-42B9-8374-D356A2530D00}.Debug|Any CPU.Build.0 = Debug|Any CPU
		{D646BF10-52A8-42B9-8374-D356A2530D00}.Release|Any CPU.ActiveCfg = Release|Any CPU
		{D646BF10-52A8-42B9-8374-D356A2530D00}.Release|Any CPU.Build.0 = Release|Any CPU
		{8557EFE2-25AB-416A-A80A-CA0FAADEA461}.Debug|Any CPU.ActiveCfg = Debug|Any CPU
		{8557EFE2-25AB-416A-A80A-CA0FAADEA461}.Debug|Any CPU.Build.0 = Debug|Any CPU
		{8557EFE2-25AB-416A-A80A-CA0FAADEA461}.Release|Any CPU.ActiveCfg = Release|Any CPU
		{8557EFE2-25AB-416A-A80A-CA0FAADEA461}.Release|Any CPU.Build.0 = Release|Any CPU
	EndGlobalSection
	GlobalSection(SolutionProperties) = preSolution
		HideSolutionNode = FALSE
	EndGlobalSection
	GlobalSection(ExtensibilityGlobals) = postSolution
		SolutionGuid = {A04266BA-ADDB-414E-ABF1-B9CDB79027F3}
	EndGlobalSection
EndGlobal
